// !$*UTF8*$!
{
	archiveVersion = 1;
	classes = {
	};
	objectVersion = 50;
	objects = {

/* Begin PBXBuildFile section */
		9CEDC76F24271C99006DD872 /* AppDelegate.swift in Sources */ = {isa = PBXBuildFile; fileRef = 9CEDC76E24271C99006DD872 /* AppDelegate.swift */; };
		9CEDC77124271C99006DD872 /* SceneDelegate.swift in Sources */ = {isa = PBXBuildFile; fileRef = 9CEDC77024271C99006DD872 /* SceneDelegate.swift */; };
		9CEDC77324271C99006DD872 /* CalculatorViewController.swift in Sources */ = {isa = PBXBuildFile; fileRef = 9CEDC77224271C99006DD872 /* CalculatorViewController.swift */; };
		9CEDC77624271C99006DD872 /* Main.storyboard in Resources */ = {isa = PBXBuildFile; fileRef = 9CEDC77424271C99006DD872 /* Main.storyboard */; };
		9CEDC77824271C9A006DD872 /* Assets.xcassets in Resources */ = {isa = PBXBuildFile; fileRef = 9CEDC77724271C9A006DD872 /* Assets.xcassets */; };
		9CEDC77B24271C9A006DD872 /* LaunchScreen.storyboard in Resources */ = {isa = PBXBuildFile; fileRef = 9CEDC77924271C9A006DD872 /* LaunchScreen.storyboard */; };
		9CEDC78524273505006DD872 /* CalculatorReactor.swift in Sources */ = {isa = PBXBuildFile; fileRef = 9CEDC78424273505006DD872 /* CalculatorReactor.swift */; };
		A310498C326E2F057F688659 /* Pods_Calculator.framework in Frameworks */ = {isa = PBXBuildFile; fileRef = 3CCBB222A4A7A3653EC33849 /* Pods_Calculator.framework */; };
/* End PBXBuildFile section */

/* Begin PBXFileReference section */
		3CCBB222A4A7A3653EC33849 /* Pods_Calculator.framework */ = {isa = PBXFileReference; explicitFileType = wrapper.framework; includeInIndex = 0; path = Pods_Calculator.framework; sourceTree = BUILT_PRODUCTS_DIR; };
		9CEDC76B24271C99006DD872 /* Calculator.app */ = {isa = PBXFileReference; explicitFileType = wrapper.application; includeInIndex = 0; path = Calculator.app; sourceTree = BUILT_PRODUCTS_DIR; };
		9CEDC76E24271C99006DD872 /* AppDelegate.swift */ = {isa = PBXFileReference; lastKnownFileType = sourcecode.swift; path = AppDelegate.swift; sourceTree = "<group>"; };
		9CEDC77024271C99006DD872 /* SceneDelegate.swift */ = {isa = PBXFileReference; lastKnownFileType = sourcecode.swift; path = SceneDelegate.swift; sourceTree = "<group>"; };
		9CEDC77224271C99006DD872 /* CalculatorViewController.swift */ = {isa = PBXFileReference; lastKnownFileType = sourcecode.swift; path = CalculatorViewController.swift; sourceTree = "<group>"; };
		9CEDC77524271C99006DD872 /* Base */ = {isa = PBXFileReference; lastKnownFileType = file.storyboard; name = Base; path = Base.lproj/Main.storyboard; sourceTree = "<group>"; };
		9CEDC77724271C9A006DD872 /* Assets.xcassets */ = {isa = PBXFileReference; lastKnownFileType = folder.assetcatalog; path = Assets.xcassets; sourceTree = "<group>"; };
		9CEDC77A24271C9A006DD872 /* Base */ = {isa = PBXFileReference; lastKnownFileType = file.storyboard; name = Base; path = Base.lproj/LaunchScreen.storyboard; sourceTree = "<group>"; };
		9CEDC77C24271C9A006DD872 /* Info.plist */ = {isa = PBXFileReference; lastKnownFileType = text.plist.xml; path = Info.plist; sourceTree = "<group>"; };
		9CEDC78424273505006DD872 /* CalculatorReactor.swift */ = {isa = PBXFileReference; lastKnownFileType = sourcecode.swift; path = CalculatorReactor.swift; sourceTree = "<group>"; };
		A0501397481EAFF7246A0B17 /* Pods-Calculator.release.xcconfig */ = {isa = PBXFileReference; includeInIndex = 1; lastKnownFileType = text.xcconfig; name = "Pods-Calculator.release.xcconfig"; path = "Target Support Files/Pods-Calculator/Pods-Calculator.release.xcconfig"; sourceTree = "<group>"; };
		C4D524233DB15C26F1BF2B11 /* Pods-Calculator.debug.xcconfig */ = {isa = PBXFileReference; includeInIndex = 1; lastKnownFileType = text.xcconfig; name = "Pods-Calculator.debug.xcconfig"; path = "Target Support Files/Pods-Calculator/Pods-Calculator.debug.xcconfig"; sourceTree = "<group>"; };
/* End PBXFileReference section */

/* Begin PBXFrameworksBuildPhase section */
		9CEDC76824271C99006DD872 /* Frameworks */ = {
			isa = PBXFrameworksBuildPhase;
			buildActionMask = 2147483647;
			files = (
				A310498C326E2F057F688659 /* Pods_Calculator.framework in Frameworks */,
			);
			runOnlyForDeploymentPostprocessing = 0;
		};
/* End PBXFrameworksBuildPhase section */

/* Begin PBXGroup section */
		0EC73102DF140DCE15518556 /* Frameworks */ = {
			isa = PBXGroup;
			children = (
				3CCBB222A4A7A3653EC33849 /* Pods_Calculator.framework */,
			);
			name = Frameworks;
			sourceTree = "<group>";
		};
		8381A1F0878192290CBB10A7 /* Pods */ = {
			isa = PBXGroup;
			children = (
				C4D524233DB15C26F1BF2B11 /* Pods-Calculator.debug.xcconfig */,
				A0501397481EAFF7246A0B17 /* Pods-Calculator.release.xcconfig */,
			);
			path = Pods;
			sourceTree = "<group>";
		};
		9CEDC76224271C99006DD872 = {
			isa = PBXGroup;
			children = (
				9CEDC76D24271C99006DD872 /* Calculator */,
				9CEDC76C24271C99006DD872 /* Products */,
				8381A1F0878192290CBB10A7 /* Pods */,
				0EC73102DF140DCE15518556 /* Frameworks */,
			);
			sourceTree = "<group>";
		};
		9CEDC76C24271C99006DD872 /* Products */ = {
			isa = PBXGroup;
			children = (
				9CEDC76B24271C99006DD872 /* Calculator.app */,
			);
			name = Products;
			sourceTree = "<group>";
		};
		9CEDC76D24271C99006DD872 /* Calculator */ = {
			isa = PBXGroup;
			children = (
				9CEDC76E24271C99006DD872 /* AppDelegate.swift */,
				9CEDC77024271C99006DD872 /* SceneDelegate.swift */,
				9CEDC77224271C99006DD872 /* CalculatorViewController.swift */,
				9CEDC78424273505006DD872 /* CalculatorReactor.swift */,
				9CEDC77424271C99006DD872 /* Main.storyboard */,
				9CEDC77724271C9A006DD872 /* Assets.xcassets */,
				9CEDC77924271C9A006DD872 /* LaunchScreen.storyboard */,
				9CEDC77C24271C9A006DD872 /* Info.plist */,
			);
			path = Calculator;
			sourceTree = "<group>";
		};
/* End PBXGroup section */

/* Begin PBXNativeTarget section */
		9CEDC76A24271C99006DD872 /* Calculator */ = {
			isa = PBXNativeTarget;
			buildConfigurationList = 9CEDC77F24271C9A006DD872 /* Build configuration list for PBXNativeTarget "Calculator" */;
			buildPhases = (
				8FA864BE824A63E995EA39E6 /* [CP] Check Pods Manifest.lock */,
				9CEDC76724271C99006DD872 /* Sources */,
				9CEDC76824271C99006DD872 /* Frameworks */,
				9CEDC76924271C99006DD872 /* Resources */,
				81722DFA17AFE2CA8F581034 /* [CP] Embed Pods Frameworks */,
			);
			buildRules = (
			);
			dependencies = (
			);
			name = Calculator;
			productName = Calculator;
			productReference = 9CEDC76B24271C99006DD872 /* Calculator.app */;
			productType = "com.apple.product-type.application";
		};
/* End PBXNativeTarget section */

/* Begin PBXProject section */
		9CEDC76324271C99006DD872 /* Project object */ = {
			isa = PBXProject;
			attributes = {
				LastSwiftUpdateCheck = 1130;
				LastUpgradeCheck = 1130;
				ORGANIZATIONNAME = Soso;
				TargetAttributes = {
					9CEDC76A24271C99006DD872 = {
						CreatedOnToolsVersion = 11.3.1;
					};
				};
			};
			buildConfigurationList = 9CEDC76624271C99006DD872 /* Build configuration list for PBXProject "Calculator" */;
			compatibilityVersion = "Xcode 9.3";
			developmentRegion = en;
			hasScannedForEncodings = 0;
			knownRegions = (
				en,
				Base,
			);
			mainGroup = 9CEDC76224271C99006DD872;
			productRefGroup = 9CEDC76C24271C99006DD872 /* Products */;
			projectDirPath = "";
			projectRoot = "";
			targets = (
				9CEDC76A24271C99006DD872 /* Calculator */,
			);
		};
/* End PBXProject section */

/* Begin PBXResourcesBuildPhase section */
		9CEDC76924271C99006DD872 /* Resources */ = {
			isa = PBXResourcesBuildPhase;
			buildActionMask = 2147483647;
			files = (
				9CEDC77B24271C9A006DD872 /* LaunchScreen.storyboard in Resources */,
				9CEDC77824271C9A006DD872 /* Assets.xcassets in Resources */,
				9CEDC77624271C99006DD872 /* Main.storyboard in Resources */,
			);
			runOnlyForDeploymentPostprocessing = 0;
		};
/* End PBXResourcesBuildPhase section */

/* Begin PBXShellScriptBuildPhase section */
		81722DFA17AFE2CA8F581034 /* [CP] Embed Pods Frameworks */ = {
			isa = PBXShellScriptBuildPhase;
			buildActionMask = 2147483647;
			files = (
			);
			inputFileListPaths = (
			);
			inputPaths = (
				"${PODS_ROOT}/Target Support Files/Pods-Calculator/Pods-Calculator-frameworks.sh",
				"${BUILT_PRODUCTS_DIR}/ReactorKit/ReactorKit.framework",
				"${BUILT_PRODUCTS_DIR}/RxCocoa/RxCocoa.framework",
				"${BUILT_PRODUCTS_DIR}/RxRelay/RxRelay.framework",
				"${BUILT_PRODUCTS_DIR}/RxSwift/RxSwift.framework",
			);
			name = "[CP] Embed Pods Frameworks";
			outputFileListPaths = (
			);
			outputPaths = (
				"${TARGET_BUILD_DIR}/${FRAMEWORKS_FOLDER_PATH}/ReactorKit.framework",
				"${TARGET_BUILD_DIR}/${FRAMEWORKS_FOLDER_PATH}/RxCocoa.framework",
				"${TARGET_BUILD_DIR}/${FRAMEWORKS_FOLDER_PATH}/RxRelay.framework",
				"${TARGET_BUILD_DIR}/${FRAMEWORKS_FOLDER_PATH}/RxSwift.framework",
			);
			runOnlyForDeploymentPostprocessing = 0;
			shellPath = /bin/sh;
			shellScript = "\"${PODS_ROOT}/Target Support Files/Pods-Calculator/Pods-Calculator-frameworks.sh\"\n";
			showEnvVarsInLog = 0;
		};
		8FA864BE824A63E995EA39E6 /* [CP] Check Pods Manifest.lock */ = {
			isa = PBXShellScriptBuildPhase;
			buildActionMask = 2147483647;
			files = (
			);
			inputFileListPaths = (
			);
			inputPaths = (
				"${PODS_PODFILE_DIR_PATH}/Podfile.lock",
				"${PODS_ROOT}/Manifest.lock",
			);
			name = "[CP] Check Pods Manifest.lock";
			outputFileListPaths = (
			);
			outputPaths = (
				"$(DERIVED_FILE_DIR)/Pods-Calculator-checkManifestLockResult.txt",
			);
			runOnlyForDeploymentPostprocessing = 0;
			shellPath = /bin/sh;
			shellScript = "diff \"${PODS_PODFILE_DIR_PATH}/Podfile.lock\" \"${PODS_ROOT}/Manifest.lock\" > /dev/null\nif [ $? != 0 ] ; then\n    # print error to STDERR\n    echo \"error: The sandbox is not in sync with the Podfile.lock. Run 'pod install' or update your CocoaPods installation.\" >&2\n    exit 1\nfi\n# This output is used by Xcode 'outputs' to avoid re-running this script phase.\necho \"SUCCESS\" > \"${SCRIPT_OUTPUT_FILE_0}\"\n";
			showEnvVarsInLog = 0;
		};
/* End PBXShellScriptBuildPhase section */

/* Begin PBXSourcesBuildPhase section */
		9CEDC76724271C99006DD872 /* Sources */ = {
			isa = PBXSourcesBuildPhase;
			buildActionMask = 2147483647;
			files = (
				9CEDC77324271C99006DD872 /* CalculatorViewController.swift in Sources */,
				9CEDC76F24271C99006DD872 /* AppDelegate.swift in Sources */,
				9CEDC77124271C99006DD872 /* SceneDelegate.swift in Sources */,
				9CEDC78524273505006DD872 /* CalculatorReactor.swift in Sources */,
			);
			runOnlyForDeploymentPostprocessing = 0;
		};
/* End PBXSourcesBuildPhase section */

/* Begin PBXVariantGroup section */
		9CEDC77424271C99006DD872 /* Main.storyboard */ = {
			isa = PBXVariantGroup;
			children = (
				9CEDC77524271C99006DD872 /* Base */,
			);
			name = Main.storyboard;
			sourceTree = "<group>";
		};
		9CEDC77924271C9A006DD872 /* LaunchScreen.storyboard */ = {
			isa = PBXVariantGroup;
			children = (
				9CEDC77A24271C9A006DD872 /* Base */,
			);
			name = LaunchScreen.storyboard;
			sourceTree = "<group>";
		};
/* End PBXVariantGroup section */

/* Begin XCBuildConfiguration section */
		9CEDC77D24271C9A006DD872 /* Debug */ = {
			isa = XCBuildConfiguration;
			buildSettings = {
				ALWAYS_SEARCH_USER_PATHS = NO;
				CLANG_ANALYZER_NONNULL = YES;
				CLANG_ANALYZER_NUMBER_OBJECT_CONVERSION = YES_AGGRESSIVE;
				CLANG_CXX_LANGUAGE_STANDARD = "gnu++14";
				CLANG_CXX_LIBRARY = "libc++";
				CLANG_ENABLE_MODULES = YES;
				CLANG_ENABLE_OBJC_ARC = YES;
				CLANG_ENABLE_OBJC_WEAK = YES;
				CLANG_WARN_BLOCK_CAPTURE_AUTORELEASING = YES;
				CLANG_WARN_BOOL_CONVERSION = YES;
				CLANG_WARN_COMMA = YES;
				CLANG_WARN_CONSTANT_CONVERSION = YES;
				CLANG_WARN_DEPRECATED_OBJC_IMPLEMENTATIONS = YES;
				CLANG_WARN_DIRECT_OBJC_ISA_USAGE = YES_ERROR;
				CLANG_WARN_DOCUMENTATION_COMMENTS = YES;
				CLANG_WARN_EMPTY_BODY = YES;
				CLANG_WARN_ENUM_CONVERSION = YES;
				CLANG_WARN_INFINITE_RECURSION = YES;
				CLANG_WARN_INT_CONVERSION = YES;
				CLANG_WARN_NON_LITERAL_NULL_CONVERSION = YES;
				CLANG_WARN_OBJC_IMPLICIT_RETAIN_SELF = YES;
				CLANG_WARN_OBJC_LITERAL_CONVERSION = YES;
				CLANG_WARN_OBJC_ROOT_CLASS = YES_ERROR;
				CLANG_WARN_RANGE_LOOP_ANALYSIS = YES;
				CLANG_WARN_STRICT_PROTOTYPES = YES;
				CLANG_WARN_SUSPICIOUS_MOVE = YES;
				CLANG_WARN_UNGUARDED_AVAILABILITY = YES_AGGRESSIVE;
				CLANG_WARN_UNREACHABLE_CODE = YES;
				CLANG_WARN__DUPLICATE_METHOD_MATCH = YES;
				COPY_PHASE_STRIP = NO;
				DEBUG_INFORMATION_FORMAT = dwarf;
				ENABLE_STRICT_OBJC_MSGSEND = YES;
				ENABLE_TESTABILITY = YES;
				GCC_C_LANGUAGE_STANDARD = gnu11;
				GCC_DYNAMIC_NO_PIC = NO;
				GCC_NO_COMMON_BLOCKS = YES;
				GCC_OPTIMIZATION_LEVEL = 0;
				GCC_PREPROCESSOR_DEFINITIONS = (
					"DEBUG=1",
					"$(inherited)",
				);
				GCC_WARN_64_TO_32_BIT_CONVERSION = YES;
				GCC_WARN_ABOUT_RETURN_TYPE = YES_ERROR;
				GCC_WARN_UNDECLARED_SELECTOR = YES;
				GCC_WARN_UNINITIALIZED_AUTOS = YES_AGGRESSIVE;
				GCC_WARN_UNUSED_FUNCTION = YES;
				GCC_WARN_UNUSED_VARIABLE = YES;
				IPHONEOS_DEPLOYMENT_TARGET = 13.2;
				MTL_ENABLE_DEBUG_INFO = INCLUDE_SOURCE;
				MTL_FAST_MATH = YES;
				ONLY_ACTIVE_ARCH = YES;
				SDKROOT = iphoneos;
				SWIFT_ACTIVE_COMPILATION_CONDITIONS = DEBUG;
				SWIFT_OPTIMIZATION_LEVEL = "-Onone";
			};
			name = Debug;
		};
		9CEDC77E24271C9A006DD872 /* Release */ = {
			isa = XCBuildConfiguration;
			buildSettings = {
				ALWAYS_SEARCH_USER_PATHS = NO;
				CLANG_ANALYZER_NONNULL = YES;
				CLANG_ANALYZER_NUMBER_OBJECT_CONVERSION = YES_AGGRESSIVE;
				CLANG_CXX_LANGUAGE_STANDARD = "gnu++14";
				CLANG_CXX_LIBRARY = "libc++";
				CLANG_ENABLE_MODULES = YES;
				CLANG_ENABLE_OBJC_ARC = YES;
				CLANG_ENABLE_OBJC_WEAK = YES;
				CLANG_WARN_BLOCK_CAPTURE_AUTORELEASING = YES;
				CLANG_WARN_BOOL_CONVERSION = YES;
				CLANG_WARN_COMMA = YES;
				CLANG_WARN_CONSTANT_CONVERSION = YES;
				CLANG_WARN_DEPRECATED_OBJC_IMPLEMENTATIONS = YES;
				CLANG_WARN_DIRECT_OBJC_ISA_USAGE = YES_ERROR;
				CLANG_WARN_DOCUMENTATION_COMMENTS = YES;
				CLANG_WARN_EMPTY_BODY = YES;
				CLANG_WARN_ENUM_CONVERSION = YES;
				CLANG_WARN_INFINITE_RECURSION = YES;
				CLANG_WARN_INT_CONVERSION = YES;
				CLANG_WARN_NON_LITERAL_NULL_CONVERSION = YES;
				CLANG_WARN_OBJC_IMPLICIT_RETAIN_SELF = YES;
				CLANG_WARN_OBJC_LITERAL_CONVERSION = YES;
				CLANG_WARN_OBJC_ROOT_CLASS = YES_ERROR;
				CLANG_WARN_RANGE_LOOP_ANALYSIS = YES;
				CLANG_WARN_STRICT_PROTOTYPES = YES;
				CLANG_WARN_SUSPICIOUS_MOVE = YES;
				CLANG_WARN_UNGUARDED_AVAILABILITY = YES_AGGRESSIVE;
				CLANG_WARN_UNREACHABLE_CODE = YES;
				CLANG_WARN__DUPLICATE_METHOD_MATCH = YES;
				COPY_PHASE_STRIP = NO;
				DEBUG_INFORMATION_FORMAT = "dwarf-with-dsym";
				ENABLE_NS_ASSERTIONS = NO;
				ENABLE_STRICT_OBJC_MSGSEND = YES;
				GCC_C_LANGUAGE_STANDARD = gnu11;
				GCC_NO_COMMON_BLOCKS = YES;
				GCC_WARN_64_TO_32_BIT_CONVERSION = YES;
				GCC_WARN_ABOUT_RETURN_TYPE = YES_ERROR;
				GCC_WARN_UNDECLARED_SELECTOR = YES;
				GCC_WARN_UNINITIALIZED_AUTOS = YES_AGGRESSIVE;
				GCC_WARN_UNUSED_FUNCTION = YES;
				GCC_WARN_UNUSED_VARIABLE = YES;
				IPHONEOS_DEPLOYMENT_TARGET = 13.2;
				MTL_ENABLE_DEBUG_INFO = NO;
				MTL_FAST_MATH = YES;
				SDKROOT = iphoneos;
				SWIFT_COMPILATION_MODE = wholemodule;
				SWIFT_OPTIMIZATION_LEVEL = "-O";
				VALIDATE_PRODUCT = YES;
			};
			name = Release;
		};
		9CEDC78024271C9A006DD872 /* Debug */ = {
			isa = XCBuildConfiguration;
			baseConfigurationReference = C4D524233DB15C26F1BF2B11 /* Pods-Calculator.debug.xcconfig */;
			buildSettings = {
				ASSETCATALOG_COMPILER_APPICON_NAME = AppIcon;
				CODE_SIGN_STYLE = Automatic;
				INFOPLIST_FILE = Calculator/Info.plist;
				LD_RUNPATH_SEARCH_PATHS = (
					"$(inherited)",
					"@executable_path/Frameworks",
				);
				PRODUCT_BUNDLE_IDENTIFIER = com.soso.Calculator;
				PRODUCT_NAME = "$(TARGET_NAME)";
				SWIFT_VERSION = 5.0;
				TARGETED_DEVICE_FAMILY = "1,2";
			};
			name = Debug;
		};
		9CEDC78124271C9A006DD872 /* Release */ = {
			isa = XCBuildConfiguration;
			baseConfigurationReference = A0501397481EAFF7246A0B17 /* Pods-Calculator.release.xcconfig */;
			buildSettings = {
				ASSETCATALOG_COMPILER_APPICON_NAME = AppIcon;
				CODE_SIGN_STYLE = Automatic;
				INFOPLIST_FILE = Calculator/Info.plist;
				LD_RUNPATH_SEARCH_PATHS = (
					"$(inherited)",
					"@executable_path/Frameworks",
				);
				PRODUCT_BUNDLE_IDENTIFIER = com.soso.Calculator;
				PRODUCT_NAME = "$(TARGET_NAME)";
				SWIFT_VERSION = 5.0;
				TARGETED_DEVICE_FAMILY = "1,2";
			};
			name = Release;
		};
/* End XCBuildConfiguration section */

/* Begin XCConfigurationList section */
		9CEDC76624271C99006DD872 /* Build configuration list for PBXProject "Calculator" */ = {
			isa = XCConfigurationList;
			buildConfigurations = (
				9CEDC77D24271C9A006DD872 /* Debug */,
				9CEDC77E24271C9A006DD872 /* Release */,
			);
			defaultConfigurationIsVisible = 0;
			defaultConfigurationName = Release;
		};
		9CEDC77F24271C9A006DD872 /* Build configuration list for PBXNativeTarget "Calculator" */ = {
			isa = XCConfigurationList;
			buildConfigurations = (
				9CEDC78024271C9A006DD872 /* Debug */,
				9CEDC78124271C9A006DD872 /* Release */,
			);
			defaultConfigurationIsVisible = 0;
			defaultConfigurationName = Release;
		};
/* End XCConfigurationList section */
	};
	rootObject = 9CEDC76324271C99006DD872 /* Project object */;
}
